schema: '2.0'
stages:
  extract:
    cmd: python src/data/extract_zips.py
    deps:
    - path: data/raw/zips
      hash: md5
      md5: 211187403ede6a74fb3f7374899403d2.dir
      size: 879493326
      nfiles: 4
    outs:
    - path: data/interim/extracted_mat
      hash: md5
      md5: bf5af92ba93c01b77a5e31faf5e6b244.dir
      size: 922084750
      nfiles: 3064
  ingest:
    cmd: python src/data/ingestion/ingest.py
    deps:
    - path: data/interim/extracted_mat
      hash: md5
      md5: bf5af92ba93c01b77a5e31faf5e6b244.dir
      size: 922084750
      nfiles: 3064
    - path: src/data/ingestion
      hash: md5
      md5: ccf9e47440ae6f541feb86814463c67a.dir
      size: 25111
      nfiles: 16
    outs:
    - path: data/ingested/dataset_summary.json
      hash: md5
      md5: f79b124fb5e668592bf51a1f93295a24
      size: 68
    - path: data/ingested/index.csv
      hash: md5
      md5: 2ca8190f9cecfd50788f2524a908fd50
      size: 387791
    - path: data/ingested/label_stats.json
      hash: md5
      md5: 50c190d17c1794f1e4d8a076b559329e
      size: 39
    - path: data/ingested/patient_map.json
      hash: md5
      md5: 882cc98c8cde193b1e8704a305a90af3
      size: 328011
  split:
    cmd: python src/data/split/cv_split.py
    deps:
    - path: data/ingested/index.csv
      hash: md5
      md5: 2ca8190f9cecfd50788f2524a908fd50
      size: 387791
    - path: data/splits/cvind.mat
      hash: md5
      md5: 5ea82eb3212c9fcb84290ccf0beb486d
      size: 5736
    - path: src/data/split/cv_split.py
      hash: md5
      md5: 49e1c79396c5fc651bf6c76c19e7416b
      size: 7774
    outs:
    - path: data/splits/fold_0_train.csv
      hash: md5
      md5: a0ecb57affd2219fa51c16afb9b525c4
      size: 324261
    - path: data/splits/fold_0_val.csv
      hash: md5
      md5: 5eae7c228d1c0f6dfab7e15ab1d076b0
      size: 69715
    - path: data/splits/fold_1_train.csv
      hash: md5
      md5: 5c446ba709a13226bf5ee22e39256407
      size: 306563
    - path: data/splits/fold_1_val.csv
      hash: md5
      md5: 1e5a60ff2014e570717c3db26d072c09
      size: 87413
    - path: data/splits/fold_2_train.csv
      hash: md5
      md5: c89b3bd6273b5f35af92c3b30d6e58aa
      size: 320591
    - path: data/splits/fold_2_val.csv
      hash: md5
      md5: 92534807e7965ecdfb5143785d58151f
      size: 73385
    - path: data/splits/fold_3_train.csv
      hash: md5
      md5: c571dec0b53baea19127414348039709
      size: 313025
    - path: data/splits/fold_3_val.csv
      hash: md5
      md5: a96b1903c992a2bdd11f1fd57aa9f6f6
      size: 80951
    - path: data/splits/fold_4_train.csv
      hash: md5
      md5: fc2d3f7b490354b010c0f1a872ddb1f0
      size: 311308
    - path: data/splits/fold_4_val.csv
      hash: md5
      md5: 2280acb805a439663eb4e8a756e42c1a
      size: 82668
    - path: data/splits/split_report.json
      hash: md5
      md5: b23c3439df7f7c7a5b6b6aa8d44eb9e1
      size: 8949
  validate_split:
    cmd: python src/data/split/check_patient_leakage.py
    deps:
    - path: data/splits/fold_0_train.csv
      hash: md5
      md5: a0ecb57affd2219fa51c16afb9b525c4
      size: 324261
    - path: data/splits/fold_0_val.csv
      hash: md5
      md5: 5eae7c228d1c0f6dfab7e15ab1d076b0
      size: 69715
    - path: data/splits/fold_1_train.csv
      hash: md5
      md5: 5c446ba709a13226bf5ee22e39256407
      size: 306563
    - path: data/splits/fold_1_val.csv
      hash: md5
      md5: 1e5a60ff2014e570717c3db26d072c09
      size: 87413
    - path: data/splits/fold_2_train.csv
      hash: md5
      md5: c89b3bd6273b5f35af92c3b30d6e58aa
      size: 320591
    - path: data/splits/fold_2_val.csv
      hash: md5
      md5: 92534807e7965ecdfb5143785d58151f
      size: 73385
    - path: data/splits/fold_3_train.csv
      hash: md5
      md5: c571dec0b53baea19127414348039709
      size: 313025
    - path: data/splits/fold_3_val.csv
      hash: md5
      md5: a96b1903c992a2bdd11f1fd57aa9f6f6
      size: 80951
    - path: data/splits/fold_4_train.csv
      hash: md5
      md5: fc2d3f7b490354b010c0f1a872ddb1f0
      size: 311308
    - path: data/splits/fold_4_val.csv
      hash: md5
      md5: 2280acb805a439663eb4e8a756e42c1a
      size: 82668
    - path: src/data/split/check_patient_leakage.py
      hash: md5
      md5: 8a712b04021b1c855658fee5dc8c911e
      size: 2614
    outs:
    - path: data/splits/leakage_report.json
      hash: md5
      md5: aacc041199c2ddd905385d871a58d6c9
      size: 358
  preprocess:
    cmd: python -m src.preprocessing.preprocess
    deps:
    - path: data/ingested/index.csv
      hash: md5
      md5: 2ca8190f9cecfd50788f2524a908fd50
      size: 387791
    - path: data/splits/fold_0_train.csv
      hash: md5
      md5: a0ecb57affd2219fa51c16afb9b525c4
      size: 324261
    - path: data/splits/fold_0_val.csv
      hash: md5
      md5: 5eae7c228d1c0f6dfab7e15ab1d076b0
      size: 69715
    - path: data/splits/fold_1_train.csv
      hash: md5
      md5: 5c446ba709a13226bf5ee22e39256407
      size: 306563
    - path: data/splits/fold_1_val.csv
      hash: md5
      md5: 1e5a60ff2014e570717c3db26d072c09
      size: 87413
    - path: data/splits/fold_2_train.csv
      hash: md5
      md5: c89b3bd6273b5f35af92c3b30d6e58aa
      size: 320591
    - path: data/splits/fold_2_val.csv
      hash: md5
      md5: 92534807e7965ecdfb5143785d58151f
      size: 73385
    - path: data/splits/fold_3_train.csv
      hash: md5
      md5: c571dec0b53baea19127414348039709
      size: 313025
    - path: data/splits/fold_3_val.csv
      hash: md5
      md5: a96b1903c992a2bdd11f1fd57aa9f6f6
      size: 80951
    - path: data/splits/fold_4_train.csv
      hash: md5
      md5: fc2d3f7b490354b010c0f1a872ddb1f0
      size: 311308
    - path: data/splits/fold_4_val.csv
      hash: md5
      md5: 2280acb805a439663eb4e8a756e42c1a
      size: 82668
    - path: data/splits/leakage_report.json
      hash: md5
      md5: aacc041199c2ddd905385d871a58d6c9
      size: 358
    - path: src/preprocessing
      hash: md5
      md5: 5e76f2212ce892435f21ea1442687116.dir
      size: 58371
      nfiles: 18
    outs:
    - path: data/processed
      hash: md5
      md5: af4e2b061a8061a43dbbd18268548c67.dir
      size: 1845753984
      nfiles: 3067
  validate_dataset:
    cmd: python src/datasets/validate_dataset.py
    deps:
    - path: data/processed
      hash: md5
      md5: af4e2b061a8061a43dbbd18268548c67.dir
      size: 1845753984
      nfiles: 3067
    - path: src/datasets
      hash: md5
      md5: cb4f02b76d92c4332ad313eb4748c90e.dir
      size: 56629
      nfiles: 12
    outs:
    - path: reports/dataset_validation_report.json
      hash: md5
      md5: 17caad560aae87c684d482353fd15393
      size: 809
