schema: '2.0'
stages:
  extract:
    cmd: python src/data/extract_zips.py
    deps:
    - path: data/raw/zips
      hash: md5
      md5: 211187403ede6a74fb3f7374899403d2.dir
      size: 879493326
      nfiles: 4
    outs:
    - path: data/interim/extracted_mat
      hash: md5
      md5: bf5af92ba93c01b77a5e31faf5e6b244.dir
      size: 922084750
      nfiles: 3064
  ingest:
    cmd: python src/data/ingestion/ingest.py
    deps:
    - path: data/interim/extracted_mat
      hash: md5
      md5: bf5af92ba93c01b77a5e31faf5e6b244.dir
      size: 922084750
      nfiles: 3064
    - path: src/data/ingestion
      hash: md5
      md5: ccf9e47440ae6f541feb86814463c67a.dir
      size: 25111
      nfiles: 16
    outs:
    - path: data/ingested/dataset_summary.json
      hash: md5
      md5: f79b124fb5e668592bf51a1f93295a24
      size: 68
    - path: data/ingested/index.csv
      hash: md5
      md5: 2ca8190f9cecfd50788f2524a908fd50
      size: 387791
    - path: data/ingested/label_stats.json
      hash: md5
      md5: 50c190d17c1794f1e4d8a076b559329e
      size: 39
    - path: data/ingested/patient_map.json
      hash: md5
      md5: 882cc98c8cde193b1e8704a305a90af3
      size: 328011
